
Microsoft Visual Studio Solution File, Format Version 12.00
# Visual Studio Version 16
VisualStudioVersion = 16.0.31911.196
MinimumVisualStudioVersion = 10.0.40219.1
Project("{8BC9CEB8-8B4A-11D0-8D11-00A0C91BC942}") = "EsercizioProgrammazione_2-4-22_Ordinamento", "EsercizioProgrammazione_2-4-22_Ordinamento.vcxproj", "{10468B40-A044-49E1-B410-F60C0833951C}"
EndProject
Global
	GlobalSection(SolutionConfigurationPlatforms) = preSolution
		Debug|x64 = Debug|x64
		Debug|x86 = Debug|x86
		Release|x64 = Release|x64
		Release|x86 = Release|x86
	EndGlobalSection
	GlobalSection(ProjectConfigurationPlatforms) = postSolution
		{10468B40-A044-49E1-B410-F60C0833951C}.Debug|x64.ActiveCfg = Debug|x64
		{10468B40-A044-49E1-B410-F60C0833951C}.Debug|x64.Build.0 = Debug|x64
		{10468B40-A044-49E1-B410-F60C0833951C}.Debug|x86.ActiveCfg = Debug|Win32
		{10468B40-A044-49E1-B410-F60C0833951C}.Debug|x86.Build.0 = Debug|Win32
		{10468B40-A044-49E1-B410-F60C0833951C}.Release|x64.ActiveCfg = Release|x64
		{10468B40-A044-49E1-B410-F60C0833951C}.Release|x64.Build.0 = Release|x64
		{10468B40-A044-49E1-B410-F60C0833951C}.Release|x86.ActiveCfg = Release|Win32
		{10468B40-A044-49E1-B410-F60C0833951C}.Release|x86.Build.0 = Release|Win32
	EndGlobalSection
	GlobalSection(SolutionProperties) = preSolution
		HideSolutionNode = FALSE
	EndGlobalSection
	GlobalSection(ExtensibilityGlobals) = postSolution
		SolutionGuid = {1493D7CC-5CA0-4AEB-863C-59CB757B7A4D}
	EndGlobalSection
EndGlobal
